version: 7
platforms:
- name: win-64
  virtual-packages:
  - __win=10.0
  - __archspec=0=x86_64
environments:
  default:
    channels:
    - url: https://conda.anaconda.org/conda-forge/
    packages:
      win-64:
      - conda: https://conda.anaconda.org/conda-forge/noarch/ca-certificates-2026.7.22-h4c7d964_0.conda
      - conda: https://conda.anaconda.org/conda-forge/noarch/tzdata-2026c-h151e31d_0.conda
      - conda: https://conda.anaconda.org/conda-forge/win-64/bzip2-1.0.8-h0ad9c76_10.conda
      - conda: https://conda.anaconda.org/conda-forge/win-64/cli11-2.7.2-h5112557_1.conda
      - conda: https://conda.anaconda.org/conda-forge/win-64/cmake-3.28.3-hf0feee3_0.conda
      - conda: https://conda.anaconda.org/conda-forge/win-64/eigen-3.4.0-h5112557_2.conda
      - conda: https://conda.anaconda.org/conda-forge/win-64/fmt-12.1.0-h1ced75a_1.conda
      - conda: https://conda.anaconda.org/conda-forge/win-64/gz-cmake-4.2.0-ha0bda39_1.conda
      - conda: https://conda.anaconda.org/conda-forge/win-64/gz-cmake4-4.2.0-h0e5a306_1.conda
      - conda: https://conda.anaconda.org/conda-forge/win-64/gz-utils-3.1.1-h3a2f5f5_4.conda
      - conda: https://conda.anaconda.org/conda-forge/win-64/gz-utils3-3.1.1-ha022340_4.conda
      - conda: https://conda.anaconda.org/conda-forge/win-64/icu-78.3-h5112557_2.conda
      - conda: https://conda.anaconda.org/conda-forge/win-64/krb5-1.22.2-h719d79b_2.conda
      - conda: https://conda.anaconda.org/conda-forge/win-64/libcurl-8.22.0-hdb0ef4a_0.conda
      - conda: https://conda.anaconda.org/conda-forge/win-64/libexpat-2.8.1-hac47afa_1.conda
      - conda: https://conda.anaconda.org/conda-forge/win-64/libffi-3.7.0-h3d046cb_1.conda
      - conda: https://conda.anaconda.org/conda-forge/win-64/libglib-2.88.3-h261a839_3.conda
      - conda: https://conda.anaconda.org/conda-forge/win-64/libgz-cmake4-4.2.0-h5112557_1.conda
      - conda: https://conda.anaconda.org/conda-forge/win-64/libgz-utils3-3.1.1-hd7ada8a_4.conda
      - conda: https://conda.anaconda.org/conda-forge/win-64/libiconv-1.18-hc1393d2_3.conda
      - conda: https://conda.anaconda.org/conda-forge/win-64/libintl-0.22.5-h5728263_4.conda
      - conda: https://conda.anaconda.org/conda-forge/win-64/liblzma-5.8.3-hfd05255_1.conda
      - conda: https://conda.anaconda.org/conda-forge/win-64/liblzma-devel-5.8.3-hfd05255_1.conda
      - conda: https://conda.anaconda.org/conda-forge/win-64/libpsl-0.23.1-h9b16d47_1.conda
      - conda: https://conda.anaconda.org/conda-forge/win-64/libpython-3.12.14-hcc31f7b_3_cpython.conda
      - conda: https://conda.anaconda.org/conda-forge/win-64/libsqlite-3.53.4-hf5d6505_1.conda
      - conda: https://conda.anaconda.org/conda-forge/win-64/libssh2-1.11.1-h734d217_1.conda
      - conda: https://conda.anaconda.org/conda-forge/win-64/libuv-1.52.1-h6a83c73_1.conda
      - conda: https://conda.anaconda.org/conda-forge/win-64/libzlib-1.3.2-hfd05255_3.conda
      - conda: https://conda.anaconda.org/conda-forge/win-64/ninja-1.13.2-h477610d_1.conda
      - conda: https://conda.anaconda.org/conda-forge/win-64/openssl-3.6.4-hf411b9b_0.conda
      - conda: https://conda.anaconda.org/conda-forge/win-64/pcre2-10.47-h8466c1e_1.conda
      - conda: https://conda.anaconda.org/conda-forge/win-64/pkg-config-0.29.2-hffdb5b9_1013.conda
      - conda: https://conda.anaconda.org/conda-forge/win-64/python-3.12.14-hb12b558_3_cpython.conda
      - conda: https://conda.anaconda.org/conda-forge/win-64/spdlog-1.17.0-hd227c35_2.conda
      - conda: https://conda.anaconda.org/conda-forge/win-64/tk-8.6.13-h967ab96_4.conda
      - conda: https://conda.anaconda.org/conda-forge/win-64/ucrt-10.0.26100.0-h57928b3_0.conda
      - conda: https://conda.anaconda.org/conda-forge/win-64/vc-14.5-ha367084_41.conda
      - conda: https://conda.anaconda.org/conda-forge/win-64/vc14_runtime-14.51.36247-habf1de7_41.conda
      - conda: https://conda.anaconda.org/conda-forge/win-64/vcomp14-14.51.36247-habf1de7_41.conda
      - conda: https://conda.anaconda.org/conda-forge/win-64/xz-5.8.3-hb6c8415_1.conda
      - conda: https://conda.anaconda.org/conda-forge/win-64/xz-tools-5.8.3-hfd05255_1.conda
      - conda: https://conda.anaconda.org/conda-forge/win-64/zstd-1.5.7-h534d264_7.conda
packages:
- conda: https://conda.anaconda.org/conda-forge/noarch/ca-certificates-2026.7.22-h4c7d964_0.conda
  sha256: 95e8e74062a5fe5f870ac8c90302b6e89945165fdaed7810606e84ddee6aac12
  md5: e27d2ac27b096dc51fedfcf775a53f9b
  depends:
  - __win
  license: ISC
  run_exports: {}
  size: 132136
  timestamp: 1784754918886
- conda: https://conda.anaconda.org/conda-forge/noarch/tzdata-2026c-h151e31d_0.conda
  sha256: b928c30ddcb0e3f544c6eade8352737e6e610e263276b90232db6a578ef899d8
  md5: fcb489df604d100968b737f2cb6076c6
  license: LicenseRef-Public-Domain
  run_exports: {}
  size: 118849
  timestamp: 1784250406640
- conda: https://conda.anaconda.org/conda-forge/win-64/bzip2-1.0.8-h0ad9c76_10.conda
  sha256: 04767466ee9227c9c57ab2c6503e0149177d34111c7418d2f420297acb1eb229
  md5: c3301c058362f340100d91cd8be0393f
  depends:
  - ucrt >=10.0.20348.0
  - vc >=14.3,<15
  - vc14_runtime >=14.44.35208
  license: bzip2-1.0.6
  license_family: BSD
  run_exports:
    weak:
    - bzip2 >=1.0.8,<2.0a0
  size: 55919
  timestamp: 1785906343696
- conda: https://conda.anaconda.org/conda-forge/win-64/cli11-2.7.2-h5112557_1.conda
  sha256: f4c22689d5174545501940a0dfb66892751915ea01d15eb72e888304282ade4d
  md5: b388dd00538dea7c09273c1cd1549d33
  depends:
  - vc >=14.3,<15
  - vc14_runtime >=14.44.35208
  - ucrt >=10.0.20348.0
  license: BSD-3-Clause
  license_family: BSD
  run_exports: {}
  size: 100997
  timestamp: 1785918398691
- conda: https://conda.anaconda.org/conda-forge/win-64/cmake-3.28.3-hf0feee3_0.conda
  sha256: c4a48803d3621339a91eb86bfd28667afb59403aa96aa705b8b158cd0211ebfd
  md5: 8ac20a98e2d1d3afa798b985278d18d7
  depends:
  - bzip2 >=1.0.8,<2.0a0
  - libcurl >=8.5.0,<9.0a0
  - libexpat >=2.5.0,<3.0a0
  - libuv >=1.44.2,<2.0a0
  - libzlib >=1.2.13,<2.0.0a0
  - ucrt >=10.0.20348.0
  - vc14_runtime >=14.29.30139
  - xz >=5.2.6,<6.0a0
  - zstd >=1.5.5,<1.6.0a0
  license: BSD-3-Clause
  license_family: BSD
  run_exports: {}
  size: 13826709
  timestamp: 1707205267813
- conda: https://conda.anaconda.org/conda-forge/win-64/eigen-3.4.0-h5112557_2.conda
  sha256: c6a44edf0381f66826cd60ed30b07aa4bc5b9ce5de94d458f0c5457fb1d49dfd
  md5: e4314d9a347775fcc62c81fc2c37a229
  depends:
  - vc >=14.3,<15
  - vc14_runtime >=14.44.35208
  - ucrt >=10.0.20348.0
  license: MPL-2.0
  license_family: MOZILLA
  run_exports: {}
  size: 1170810
  timestamp: 1771922281093
- conda: https://conda.anaconda.org/conda-forge/win-64/fmt-12.1.0-h1ced75a_1.conda
  sha256: 1d6d6f1bf284e50cf617ce9a6250e0bf70bd0d30b068568364d6b1852aad9466
  md5: ca8fa0e01ed34bb161f4e8e86dfda22e
  depends:
  - ucrt >=10.0.20348.0
  - vc >=14.3,<15
  - vc14_runtime >=14.44.35208
  license: MIT
  license_family: MIT
  run_exports:
    weak:
    - fmt >=12.1.0,<12.2.0a0
  size: 187511
  timestamp: 1785915492086
- conda: https://conda.anaconda.org/conda-forge/win-64/gz-cmake-4.2.0-ha0bda39_1.conda
  sha256: 14e8457f97e2e80f08aab29d1a820ed4b33b3633c5bf79d26b6957698d3903e1
  md5: 85687d6c307ebb932fe01f6474bc9e62
  depends:
  - gz-cmake4 ==4.2.0 h0e5a306_1
  license: Apache-2.0
  license_family: APACHE
  run_exports:
    weak:
    - libgz-cmake4 >=4.2.0,<5.0a0
    - libgz-cmake >=4.2.0,<5.0a0
  size: 7477
  timestamp: 1759138631747
- conda: https://conda.anaconda.org/conda-forge/win-64/gz-cmake4-4.2.0-h0e5a306_1.conda
  sha256: c3f39c995eed2db7f9da0479ce489c7e195243c281e715ff9dd71647d6226e20
  md5: 2c296dc0788cc0973a1147452e5abf0d
  depends:
  - libgz-cmake4 ==4.2.0 h5112557_1
  license: Apache-2.0
  license_family: APACHE
  run_exports:
    weak:
    - libgz-cmake4 >=4.2.0,<5.0a0
  size: 7445
  timestamp: 1759138631747
- conda: https://conda.anaconda.org/conda-forge/win-64/gz-utils-3.1.1-h3a2f5f5_4.conda
  sha256: d571217a741090717f065097f7c694787d21307027cfc91917592f6cf60c11d4
  md5: 9af5b668dfd17eb5cb76f4bc0be32a9e
  depends:
  - gz-utils3 ==3.1.1 ha022340_4
  license: Apache-2.0
  license_family: APACHE
  run_exports:
    weak:
    - libgz-utils3 >=3.1.1,<4.0a0
    - libgz-utils >=3.1.1,<4.0a0
  size: 8254
  timestamp: 1767701485671
- conda: https://conda.anaconda.org/conda-forge/win-64/gz-utils3-3.1.1-ha022340_4.conda
  sha256: 1bfc50b7e78395730a9af76e15a7f265d3574a02cf6a528213ba9220add97be4
  md5: 2d2be27bc7ba46a9d2879f5ca011c694
  depends:
  - libgz-utils3 ==3.1.1 hd7ada8a_4
  license: Apache-2.0
  license_family: APACHE
  run_exports:
    weak:
    - libgz-utils3 >=3.1.1,<4.0a0
  size: 8255
  timestamp: 1767701485670
- conda: https://conda.anaconda.org/conda-forge/win-64/icu-78.3-h5112557_2.conda
  sha256: 75c549b55b673e15de8785a8e5dd85bca7eb612eee0ff4dc8d7bdaa15eacbdbb
  md5: e596942e8ee6ee17fdcf1e6a77757a66
  depends:
  - vc >=14.3,<15
  - vc14_runtime >=14.44.35208
  - ucrt >=10.0.20348.0
  license: MIT
  license_family: MIT
  run_exports:
    weak:
    - icu >=78.3,<79.0a0
  size: 16835644
  timestamp: 1784916416303
- conda: https://conda.anaconda.org/conda-forge/win-64/krb5-1.22.2-h719d79b_2.conda
  sha256: 63ff03324e903eb01a715ccf357df56d66224e61952fd6615d86490ebefb3285
  md5: 93f5a01dec294a2228f757fe2f3432d4
  depends:
  - openssl >=3.5.7,<4.0a0
  - ucrt >=10.0.20348.0
  - vc >=14.3,<15
  - vc14_runtime >=14.44.35208
  license: MIT
  license_family: MIT
  run_exports:
    weak:
    - krb5 >=1.22.2,<1.23.0a0
  size: 753425
  timestamp: 1786762169034
- conda: https://conda.anaconda.org/conda-forge/win-64/libcurl-8.22.0-hdb0ef4a_0.conda
  sha256: 5fe063cffa90ad3ef04e25c76b1a79cdbc4f6c43747164a7dcdd89c4faebb84e
  md5: e8405e754eaac42d66f957222fcfd876
  depends:
  - krb5 >=1.22.2,<1.23.0a0
  - libpsl >=0.23.1,<0.24.0a0
  - libssh2 >=1.11.1,<2.0a0
  - libzlib >=1.3.2,<2.0a0
  - ucrt >=10.0.20348.0
  - vc >=14.3,<15
  - vc14_runtime >=14.44.35208
  license: curl
  license_family: MIT
  run_exports:
    weak:
    - libcurl >=8.22.0,<9.0a0
  size: 413226
  timestamp: 1788340784214
- conda: https://conda.anaconda.org/conda-forge/win-64/libexpat-2.8.1-hac47afa_1.conda
  sha256: 1a54d874addda73b6f7164d5f3905821277a1831bcc05edd74b3085391688571
  md5: ccc490c81ffe14181861beac0e8f3169
  depends:
  - ucrt >=10.0.20348.0
  - vc >=14.3,<15
  - vc14_runtime >=14.44.35208
  constrains:
  - expat 2.8.1.*
  license: MIT
  license_family: MIT
  run_exports: {}
  size: 71631
  timestamp: 1781203724164
- conda: https://conda.anaconda.org/conda-forge/win-64/libffi-3.7.0-h3d046cb_1.conda
  sha256: 613e8077c5cca5df7fe84ade7d5050301bee3c6c4c450ffe61d34a349ab4f11c
  md5: ceb38b0ba900847d8da4289c3c8e5708
  depends:
  - ucrt >=10.0.20348.0
  - vc >=14.3,<15
  - vc14_runtime >=14.44.35208
  license: MIT
  license_family: MIT
  run_exports:
    weak:
    - libffi >=3.7.0,<3.8.0a0
  size: 49992
  timestamp: 1787753517346
- conda: https://conda.anaconda.org/conda-forge/win-64/libglib-2.88.3-h261a839_3.conda
  sha256: adfe233cc1b366d51b0108e3a3b77a8e2f3c5c88d5846badd80bd6400aa2e552
  md5: 6326b3f7af94482676d8eef011b2f9d6
  depends:
  - vc >=14.3,<15
  - vc14_runtime >=14.44.35208
  - ucrt >=10.0.20348.0
  - libintl >=0.22.5,<1.0a0
  - pcre2 >=10.47,<10.48.0a0
  - libiconv >=1.18,<2.0a0
  - libffi >=3.7.0,<3.8.0a0
  - libzlib >=1.3.2,<2.0a0
  constrains:
  - glib >2.66
  license: LGPL-2.1-or-later
  run_exports:
    weak:
    - libglib >=2.88.3,<3.0a0
  size: 4519383
  timestamp: 1788525218536
- conda: https://conda.anaconda.org/conda-forge/win-64/libgz-cmake4-4.2.0-h5112557_1.conda
  sha256: 611aff06e0714f6fab6cd65c0ed070787d78b852145ea90e72d9c8737ec65d61
  md5: b55448f1ef442340bfb86d6b67e9e4cc
  depends:
  - vc >=14.3,<15
  - vc14_runtime >=14.44.35208
  - ucrt >=10.0.20348.0
  - vc >=14.3,<15
  - vc14_runtime >=14.44.35208
  - ucrt >=10.0.20348.0
  license: Apache-2.0
  license_family: APACHE
  run_exports:
    weak:
    - libgz-cmake4 >=4.2.0,<5.0a0
  size: 216488
  timestamp: 1759138631746
- conda: https://conda.anaconda.org/conda-forge/win-64/libgz-utils3-3.1.1-hd7ada8a_4.conda
  sha256: 147bdbf2e3f7eb2bbf5c6d6ccbe525752dc7ae69d66f5af8f24a12f54bf66564
  md5: defe81ebfbec83fb605c2858b957f3d4
  depends:
  - cli11
  - vc >=14.3,<15
  - vc14_runtime >=14.44.35208
  - ucrt >=10.0.20348.0
  - libgz-cmake4 >=4.2.0,<5.0a0
  - spdlog >=1.17.0,<1.18.0a0
  license: Apache-2.0
  license_family: APACHE
  run_exports:
    weak:
    - libgz-utils3 >=3.1.1,<4.0a0
  size: 74694
  timestamp: 1767701485665
- conda: https://conda.anaconda.org/conda-forge/win-64/libiconv-1.18-hc1393d2_3.conda
  sha256: 35e04e3ddac7720fc7c550a1c9f998604299d6a7bd1f3ec9b2825d825061daa2
  md5: a8a2abdf0f901bc4779d9b7be0845921
  depends:
  - ucrt >=10.0.20348.0
  - vc >=14.3,<15
  - vc14_runtime >=14.44.35208
  license: LGPL-2.1-only
  run_exports:
    weak:
    - libiconv >=1.18,<2.0a0
  size: 694899
  timestamp: 1787033851701
- conda: https://conda.anaconda.org/conda-forge/win-64/libintl-0.22.5-h5728263_4.conda
  sha256: 85b50be2209f3b8a873830ec9894477d260f4c7ba9540e65959f5812bf7219f8
  md5: 36d6e0045173974521fabd42bd5033d6
  depends:
  - libiconv >=1.18,<2.0a0
  license: LGPL-2.1-or-later
  run_exports:
    weak:
    - libintl >=0.22.5,<1.0a0
  size: 96669
  timestamp: 1787841116808
- conda: https://conda.anaconda.org/conda-forge/win-64/liblzma-5.8.3-hfd05255_1.conda
  sha256: d36c4a1e1f80fd08e18a407e03622ff2f34dfdd022da6488ad19603dea19e6d5
  md5: 880a0c8549479b198af21ba5dc49b109
  depends:
  - ucrt >=10.0.20348.0
  - vc >=14.3,<15
  - vc14_runtime >=14.44.35208
  constrains:
  - xz 5.8.3.*
  license: 0BSD
  run_exports:
    weak:
    - liblzma >=5.8.3,<6.0a0
  size: 105809
  timestamp: 1786348717883
- conda: https://conda.anaconda.org/conda-forge/win-64/liblzma-devel-5.8.3-hfd05255_1.conda
  sha256: 95671906b49feee5ea9f81221c54b6a1e1fb223dc05fbd99584b43867d291a80
  md5: 84e0e7df64202da959bc3c29c0e69ff5
  depends:
  - liblzma 5.8.3 hfd05255_1
  - ucrt >=10.0.20348.0
  - vc >=14.3,<15
  - vc14_runtime >=14.44.35208
  license: 0BSD
  run_exports:
    weak:
    - liblzma >=5.8.3,<6.0a0
  size: 131951
  timestamp: 1786348731019
- conda: https://conda.anaconda.org/conda-forge/win-64/libpsl-0.23.1-h9b16d47_1.conda
  sha256: e53fe3b09f82b59b644264133d6d148ac31bb5451b7583cff55690bf038f2f62
  md5: 39cdf8c4f59e4d253cfa8091c8b3d7de
  depends:
  - vc >=14.3,<15
  - vc14_runtime >=14.44.35208
  - ucrt >=10.0.20348.0
  - icu >=78.3,<79.0a0
  license: MIT
  license_family: MIT
  run_exports:
    weak:
    - libpsl >=0.23.1,<0.24.0a0
  size: 73511
  timestamp: 1786970749988
- conda: https://conda.anaconda.org/conda-forge/win-64/libpython-3.12.14-hcc31f7b_3_cpython.conda
  build_number: 3
  sha256: 851afbb744c912325ca09304e2c518a99ab466bdb716d4edb90e4d749ca17c27
  md5: 2a7b3fc2441dc4df29a5804d677fb720
  depends:
  - ucrt >=10.0.20348.0
  - vc >=14.3,<15
  - vc14_runtime >=14.44.35208
  license: Python-2.0
  run_exports: {}
  size: 47115
  timestamp: 1788391199638
- conda: https://conda.anaconda.org/conda-forge/win-64/libsqlite-3.53.4-hf5d6505_1.conda
  sha256: 0a45d7c0f20146fff787a106f8fa187872e309c70975ff8f0936e188914c26ad
  md5: a72d495965b144bb7da033642d389047
  depends:
  - ucrt >=10.0.20348.0
  - vc >=14.3,<15
  - vc14_runtime >=14.44.35208
  license: blessing
  run_exports:
    weak:
    - libsqlite >=3.53.4,<4.0a0
  size: 1314919
  timestamp: 1787051140039
- conda: https://conda.anaconda.org/conda-forge/win-64/libssh2-1.11.1-h734d217_1.conda
  sha256: 1097b08429b4f53f5751a32c6d99a083d227ca7f7812c0b239eea124cec073a0
  md5: a21dd9ca39e74910bb96989feb916420
  depends:
  - libzlib >=1.3.2,<2.0a0
  - openssl >=3.5.7,<4.0a0
  - ucrt >=10.0.20348.0
  - vc >=14.3,<15
  - vc14_runtime >=14.44.35208
  license: BSD-3-Clause
  license_family: BSD
  run_exports:
    weak:
    - libssh2 >=1.11.1,<2.0a0
  size: 295149
  timestamp: 1786713186180
- conda: https://conda.anaconda.org/conda-forge/win-64/libuv-1.52.1-h6a83c73_1.conda
  sha256: 0d62467380061cd0fa4b27e579c805a95c7ef55a41ecb067de0c4d2d42490c66
  md5: 4ccef39545e98553cc900ea557dff085
  depends:
  - vc >=14.3,<15
  - vc14_runtime >=14.44.35208
  - ucrt >=10.0.20348.0
  license: MIT
  license_family: MIT
  run_exports:
    weak:
    - libuv >=1.52.1,<2.0a0
  size: 331195
  timestamp: 1785914602690
- conda: https://conda.anaconda.org/conda-forge/win-64/libzlib-1.3.2-hfd05255_3.conda
  sha256: 0629c2cc0404d3bb29d6baa7b4ba62da80797015e86de050db81ea5a07050527
  md5: 5d2ff29d465097458cc3ff6569151991
  depends:
  - ucrt >=10.0.20348.0
  - vc >=14.3,<15
  - vc14_runtime >=14.44.35208
  constrains:
  - zlib 1.3.2 *_3
  license: Zlib
  license_family: Other
  run_exports:
    weak:
    - libzlib >=1.3.2,<2.0a0
  size: 58529
  timestamp: 1785276664143
- conda: https://conda.anaconda.org/conda-forge/win-64/ninja-1.13.2-h477610d_1.conda
  sha256: 002bce37e87e39c6a1e5577b1018d294cd4517ba9c4be2ece92e5706acac41f5
  md5: 3a6804d04ecaf02987a075d5faf34877
  depends:
  - vc >=14.3,<15
  - vc14_runtime >=14.44.35208
  - ucrt >=10.0.20348.0
  license: Apache-2.0
  license_family: APACHE
  run_exports: {}
  size: 309772
  timestamp: 1786713090968
- conda: https://conda.anaconda.org/conda-forge/win-64/openssl-3.6.4-hf411b9b_0.conda
  sha256: 9dddb559ba49744d5d94092d8d13cb0567f5c3b3f439f3acf28433d1f4256acc
  md5: 73cb1783f47c452be4c309430fbef89f
  depends:
  - ca-certificates
  - ucrt >=10.0.20348.0
  - vc >=14.3,<15
  - vc14_runtime >=14.44.35208
  license: Apache-2.0
  license_family: Apache
  run_exports:
    weak:
    - openssl >=3.6.4,<4.0a0
  size: 9474879
  timestamp: 1787699876495
- conda: https://conda.anaconda.org/conda-forge/win-64/pcre2-10.47-h8466c1e_1.conda
  sha256: d8e9ea26b52a09d880d1e5371830c8dd5b4c099a6db64dbdf8236440744b7499
  md5: 009af999dbe2d1db36a37187a4ca4eb4
  depends:
  - bzip2 >=1.0.8,<2.0a0
  - libzlib >=1.3.2,<2.0a0
  - ucrt >=10.0.20348.0
  - vc >=14.3,<15
  - vc14_runtime >=14.44.35208
  license: BSD-3-Clause
  license_family: BSD
  run_exports:
    weak:
    - pcre2 >=10.47,<10.48.0a0
  size: 993241
  timestamp: 1787294653206
- conda: https://conda.anaconda.org/conda-forge/win-64/pkg-config-0.29.2-hffdb5b9_1013.conda
  sha256: b6c2a3c7b6b2726ced43946f2798eabfe50333144ce8195f1e7558d24c139298
  md5: 18cf69296cccd94d6921016bdf346c24
  depends:
  - vc >=14.3,<15
  - vc14_runtime >=14.44.35208
  - ucrt >=10.0.20348.0
  - libglib >=2.88.3,<3.0a0
  license: GPL-2.0-or-later
  run_exports: {}
  size: 37998
  timestamp: 1788677380581
- conda: https://conda.anaconda.org/conda-forge/win-64/python-3.12.14-hb12b558_3_cpython.conda
  build_number: 3
  sha256: 8f2eb57564fa7b7d8c5deb689939cfe16b8a4179ff2a81423ca38242371f249c
  md5: ca6b5db05602d2a98f8694c2ad6aa6fb
  depends:
  - bzip2 >=1.0.8,<2.0a0
  - libexpat >=2.8.1,<3.0a0
  - libffi >=3.7.0,<3.8.0a0
  - liblzma >=5.8.3,<6.0a0
  - libpython 3.12.14 hcc31f7b_3_cpython
  - libsqlite >=3.53.4,<4.0a0
  - libzlib >=1.3.2,<2.0a0
  - openssl >=3.5.8,<4.0a0
  - tk >=8.6.13,<8.7.0a0
  - tzdata
  - ucrt >=10.0.20348.0
  - vc >=14.3,<15
  - vc14_runtime >=14.44.35208
  constrains:
  - python_abi 3.12.* *_cp312
  license: Python-2.0
  run_exports:
    weak:
    - python_abi 3.12.* *_cp312
    noarch:
    - python
  size: 15920793
  timestamp: 1788391266273
- conda: https://conda.anaconda.org/conda-forge/win-64/spdlog-1.17.0-hd227c35_2.conda
  sha256: bd14e9166389be0c654e724e16290772b65745aee8d8bb8bacc65d3179330387
  md5: 0d1e29b811d1fea9ba0fe8c869fa5e96
  depends:
  - fmt >=12.1.0,<12.2.0a0
  - ucrt >=10.0.20348.0
  - vc >=14.3,<15
  - vc14_runtime >=14.44.35208
  license: MIT
  license_family: MIT
  run_exports:
    weak:
    - spdlog >=1.17.0,<1.18.0a0
  size: 174998
  timestamp: 1785924400857
- conda: https://conda.anaconda.org/conda-forge/win-64/tk-8.6.13-h967ab96_4.conda
  sha256: f19618a3a82cc483dacf1c70a30367ee7b0c7e71b90f1f80e14feff44fbd3688
  md5: dd9eb33c99d352b6356f86964d6040f7
  depends:
  - vc >=14.3,<15
  - vc14_runtime >=14.44.35208
  - ucrt >=10.0.20348.0
  license: TCL
  run_exports:
    weak:
    - tk >=8.6.13,<8.7.0a0
  size: 3782376
  timestamp: 1787272860855
- conda: https://conda.anaconda.org/conda-forge/win-64/ucrt-10.0.26100.0-h57928b3_0.conda
  sha256: 3005729dce6f3d3f5ec91dfc49fc75a0095f9cd23bab49efb899657297ac91a5
  md5: 71b24316859acd00bdb8b38f5e2ce328
  constrains:
  - vc14_runtime >=14.29.30037
  - vs2015_runtime >=14.29.30037
  license: LicenseRef-MicrosoftWindowsSDK10
  run_exports: {}
  size: 694692
  timestamp: 1756385147981
- conda: https://conda.anaconda.org/conda-forge/win-64/vc-14.5-ha367084_41.conda
  sha256: 35444c55a92e2f7f7ba26bc70f81e56e52344f7d064c0fd4b40a46a58517b79c
  md5: aa805b5522c2a98fa286e551a1f48546
  depends:
  - vc14_runtime >=14.51.36247
  track_features:
  - vc14
  license: BSD-3-Clause
  license_family: BSD
  run_exports: {}
  size: 21383
  timestamp: 1785359368566
- conda: https://conda.anaconda.org/conda-forge/win-64/vc14_runtime-14.51.36247-habf1de7_41.conda
  sha256: 4e4cb599cdc41bf2109d1464c127b5bcbddf548ce3e322e612afb691338b48f8
  md5: ac5333bb3d429361f23adf704cc49a78
  depends:
  - ucrt >=10.0.20348.0
  - vcomp14 14.51.36247 habf1de7_41
  constrains:
  - vs2015_runtime 14.51.36247.* *_41
  license: LicenseRef-MicrosoftVisualCpp2015-2022Runtime
  license_family: Proprietary
  run_exports: {}
  size: 767955
  timestamp: 1785359364369
- conda: https://conda.anaconda.org/conda-forge/win-64/vcomp14-14.51.36247-habf1de7_41.conda
  sha256: 731e043390c9457299484d39e427221fc868a9249540a498a5a4f6456c7744d1
  md5: 350bb67a5c8e5f1c53347ac544ab6600
  depends:
  - ucrt >=10.0.20348.0
  constrains:
  - vs2015_runtime 14.51.36247.* *_41
  license: LicenseRef-MicrosoftVisualCpp2015-2022Runtime
  license_family: Proprietary
  run_exports:
    strong:
    - vcomp14 >=14.51.36247
  size: 155910
  timestamp: 1785359349999
- conda: https://conda.anaconda.org/conda-forge/win-64/xz-5.8.3-hb6c8415_1.conda
  sha256: 203f80ca1100d527f4d4b078539817755d63db4e7cac483dd62098e16c833e8d
  md5: 973196613b9b1878b997fedaed36b0d5
  depends:
  - liblzma 5.8.3 hfd05255_1
  - liblzma-devel 5.8.3 hfd05255_1
  - ucrt >=10.0.20348.0
  - vc >=14.3,<15
  - vc14_runtime >=14.44.35208
  - xz-tools 5.8.3 hfd05255_1
  license: 0BSD AND LGPL-2.1-or-later AND GPL-2.0-or-later
  run_exports:
    weak:
    - liblzma >=5.8.3,<6.0a0
  size: 23827
  timestamp: 1786348758181
- conda: https://conda.anaconda.org/conda-forge/win-64/xz-tools-5.8.3-hfd05255_1.conda
  sha256: 0475cd91670a699ba3387fc13d12ee9c2a8c4ece21ad0b523c5b9965e39b41bb
  md5: f82fdc60121f8fd569a20615dd572060
  depends:
  - liblzma 5.8.3 hfd05255_1
  - ucrt >=10.0.20348.0
  - vc >=14.3,<15
  - vc14_runtime >=14.44.35208
  constrains:
  - xz 5.8.3.*
  license: 0BSD AND LGPL-2.1-or-later
  run_exports: {}
  size: 67194
  timestamp: 1786348747026
- conda: https://conda.anaconda.org/conda-forge/win-64/zstd-1.5.7-h534d264_7.conda
  sha256: ca7daae4f218a11fab82cc2857f0ea518ec3f46acec60490485347a4c22c6b3e
  md5: e4ac308c39d6d0e131154976da67cf3b
  depends:
  - vc >=14.3,<15
  - vc14_runtime >=14.44.35208
  - ucrt >=10.0.20348.0
  - libzlib >=1.3.2,<2.0a0
  license: BSD-3-Clause
  license_family: BSD
  run_exports:
    weak:
    - zstd >=1.5.7,<1.6.0a0
  size: 387535
  timestamp: 1786599623274
